# This file is generated by running "yarn install" inside your project.
# Manual changes might be lost - proceed with caution!

__metadata:
  version: 5
  cacheKey: 8

"chalk@npm:^5.0.1":
  version: 5.0.1
  resolution: "chalk@npm:5.0.1"
  checksum: 7b45300372b908f0471fbf7389ce2f5de8d85bb949026fd51a1b95b10d0ed32c7ed5aab36dd5e9d2bf3191867909b4404cef75c5f4d2d1daeeacd301dd280b76
  languageName: node
  linkType: hard

"cssup-runner@workspace:.":
  version: 0.0.0-use.local
  resolution: "cssup-runner@workspace:."
  dependencies:
    chalk: ^5.0.1
  bin:
    cssup-run: ./index.js
  languageName: unknown
  linkType: soft
